// !$*UTF8*$!
{
	archiveVersion = 1;
	classes = {
	};
	objectVersion = 51;
	objects = {

/* Begin PBXBuildFile section */
		2B11E495254148A7007AD918 /* AppDelegate.swift in Sources */ = {isa = PBXBuildFile; fileRef = 2B11E494254148A7007AD918 /* AppDelegate.swift */; };
		2B11E497254148A7007AD918 /* SceneDelegate.swift in Sources */ = {isa = PBXBuildFile; fileRef = 2B11E496254148A7007AD918 /* SceneDelegate.swift */; };
		2B11E49C254148A7007AD918 /* Main.storyboard in Resources */ = {isa = PBXBuildFile; fileRef = 2B11E49A254148A7007AD918 /* Main.storyboard */; };
		2B11E49E254148A8007AD918 /* Assets.xcassets in Resources */ = {isa = PBXBuildFile; fileRef = 2B11E49D254148A8007AD918 /* Assets.xcassets */; };
		2B11E4A1254148A8007AD918 /* LaunchScreen.storyboard in Resources */ = {isa = PBXBuildFile; fileRef = 2B11E49F254148A8007AD918 /* LaunchScreen.storyboard */; };
		2B11E4BB25414E68007AD918 /* Router.swift in Sources */ = {isa = PBXBuildFile; fileRef = 2B11E4BA25414E68007AD918 /* Router.swift */; };
		2B2E341125416F0E00AF4D71 /* LoginViewController.swift in Sources */ = {isa = PBXBuildFile; fileRef = 2B2E341025416F0E00AF4D71 /* LoginViewController.swift */; };
		2B2E34152541778500AF4D71 /* UIColorExtension.swift in Sources */ = {isa = PBXBuildFile; fileRef = 2B2E34142541778500AF4D71 /* UIColorExtension.swift */; };
		2B5930C8254289C50055FE05 /* ResponseObject.swift in Sources */ = {isa = PBXBuildFile; fileRef = 2B5930C7254289C50055FE05 /* ResponseObject.swift */; };
		2B5930CD25429B6F0055FE05 /* UITextFieldExtension.swift in Sources */ = {isa = PBXBuildFile; fileRef = 2B5930CC25429B6F0055FE05 /* UITextFieldExtension.swift */; };
		2B5930D1254728D00055FE05 /* JobListViewController.swift in Sources */ = {isa = PBXBuildFile; fileRef = 2B5930D0254728D00055FE05 /* JobListViewController.swift */; };
		2B5930F42547E3FB0055FE05 /* JobTableViewCell.swift in Sources */ = {isa = PBXBuildFile; fileRef = 2B5930F32547E3FB0055FE05 /* JobTableViewCell.swift */; };
		2B5931062547F9EC0055FE05 /* JobDetail.swift in Sources */ = {isa = PBXBuildFile; fileRef = 2B5931052547F9EC0055FE05 /* JobDetail.swift */; };
		2BC452AD25492D7600CDBD9C /* SearchTableViewCell.swift in Sources */ = {isa = PBXBuildFile; fileRef = 2BC452AC25492D7600CDBD9C /* SearchTableViewCell.swift */; };
		2BC452C82549ACF900CDBD9C /* DatePickerViewController.swift in Sources */ = {isa = PBXBuildFile; fileRef = 2BC452C72549ACF900CDBD9C /* DatePickerViewController.swift */; };
		2BC452DB2549C0CD00CDBD9C /* SearchFilter.swift in Sources */ = {isa = PBXBuildFile; fileRef = 2BC452DA2549C0CD00CDBD9C /* SearchFilter.swift */; };
		2BC45332254B109C00CDBD9C /* UITableViewExtension.swift in Sources */ = {isa = PBXBuildFile; fileRef = 2BC45331254B109C00CDBD9C /* UITableViewExtension.swift */; };
		2BC45335254B288200CDBD9C /* UIButtonExtension.swift in Sources */ = {isa = PBXBuildFile; fileRef = 2BC45334254B288200CDBD9C /* UIButtonExtension.swift */; };
		2BC4534C255268F500CDBD9C /* JobDetailViewController.swift in Sources */ = {isa = PBXBuildFile; fileRef = 2BC4534B255268F500CDBD9C /* JobDetailViewController.swift */; };
		D72546C094FA44933408AF69 /* Pods_iTitaLimo.framework in Frameworks */ = {isa = PBXBuildFile; fileRef = A49EFDA60FFCD10DA7F744C9 /* Pods_iTitaLimo.framework */; };
/* End PBXBuildFile section */

/* Begin PBXFileReference section */
		1238A44BBEFAEEAEE421296B /* Pods-iTitaLimo.debug.xcconfig */ = {isa = PBXFileReference; includeInIndex = 1; lastKnownFileType = text.xcconfig; name = "Pods-iTitaLimo.debug.xcconfig"; path = "Target Support Files/Pods-iTitaLimo/Pods-iTitaLimo.debug.xcconfig"; sourceTree = "<group>"; };
		2B11E491254148A7007AD918 /* iTitaLimo.app */ = {isa = PBXFileReference; explicitFileType = wrapper.application; includeInIndex = 0; path = iTitaLimo.app; sourceTree = BUILT_PRODUCTS_DIR; };
		2B11E494254148A7007AD918 /* AppDelegate.swift */ = {isa = PBXFileReference; lastKnownFileType = sourcecode.swift; path = AppDelegate.swift; sourceTree = "<group>"; };
		2B11E496254148A7007AD918 /* SceneDelegate.swift */ = {isa = PBXFileReference; lastKnownFileType = sourcecode.swift; path = SceneDelegate.swift; sourceTree = "<group>"; };
		2B11E49B254148A7007AD918 /* Base */ = {isa = PBXFileReference; lastKnownFileType = file.storyboard; name = Base; path = Base.lproj/Main.storyboard; sourceTree = "<group>"; };
		2B11E49D254148A8007AD918 /* Assets.xcassets */ = {isa = PBXFileReference; lastKnownFileType = folder.assetcatalog; path = Assets.xcassets; sourceTree = "<group>"; };
		2B11E4A0254148A8007AD918 /* Base */ = {isa = PBXFileReference; lastKnownFileType = file.storyboard; name = Base; path = Base.lproj/LaunchScreen.storyboard; sourceTree = "<group>"; };
		2B11E4A2254148A8007AD918 /* Info.plist */ = {isa = PBXFileReference; lastKnownFileType = text.plist.xml; path = Info.plist; sourceTree = "<group>"; };
		2B11E4BA25414E68007AD918 /* Router.swift */ = {isa = PBXFileReference; lastKnownFileType = sourcecode.swift; path = Router.swift; sourceTree = "<group>"; };
		2B2E341025416F0E00AF4D71 /* LoginViewController.swift */ = {isa = PBXFileReference; lastKnownFileType = sourcecode.swift; path = LoginViewController.swift; sourceTree = "<group>"; };
		2B2E34142541778500AF4D71 /* UIColorExtension.swift */ = {isa = PBXFileReference; lastKnownFileType = sourcecode.swift; path = UIColorExtension.swift; sourceTree = "<group>"; };
		2B5930C7254289C50055FE05 /* ResponseObject.swift */ = {isa = PBXFileReference; lastKnownFileType = sourcecode.swift; path = ResponseObject.swift; sourceTree = "<group>"; };
		2B5930CC25429B6F0055FE05 /* UITextFieldExtension.swift */ = {isa = PBXFileReference; lastKnownFileType = sourcecode.swift; path = UITextFieldExtension.swift; sourceTree = "<group>"; };
		2B5930D0254728D00055FE05 /* JobListViewController.swift */ = {isa = PBXFileReference; lastKnownFileType = sourcecode.swift; path = JobListViewController.swift; sourceTree = "<group>"; };
		2B5930F32547E3FB0055FE05 /* JobTableViewCell.swift */ = {isa = PBXFileReference; lastKnownFileType = sourcecode.swift; path = JobTableViewCell.swift; sourceTree = "<group>"; };
		2B5931052547F9EC0055FE05 /* JobDetail.swift */ = {isa = PBXFileReference; lastKnownFileType = sourcecode.swift; path = JobDetail.swift; sourceTree = "<group>"; };
		2BC452AC25492D7600CDBD9C /* SearchTableViewCell.swift */ = {isa = PBXFileReference; lastKnownFileType = sourcecode.swift; path = SearchTableViewCell.swift; sourceTree = "<group>"; };
		2BC452C72549ACF900CDBD9C /* DatePickerViewController.swift */ = {isa = PBXFileReference; lastKnownFileType = sourcecode.swift; path = DatePickerViewController.swift; sourceTree = "<group>"; };
		2BC452DA2549C0CD00CDBD9C /* SearchFilter.swift */ = {isa = PBXFileReference; lastKnownFileType = sourcecode.swift; path = SearchFilter.swift; sourceTree = "<group>"; };
		2BC45331254B109C00CDBD9C /* UITableViewExtension.swift */ = {isa = PBXFileReference; lastKnownFileType = sourcecode.swift; path = UITableViewExtension.swift; sourceTree = "<group>"; };
		2BC45334254B288200CDBD9C /* UIButtonExtension.swift */ = {isa = PBXFileReference; lastKnownFileType = sourcecode.swift; path = UIButtonExtension.swift; sourceTree = "<group>"; };
		2BC4534B255268F500CDBD9C /* JobDetailViewController.swift */ = {isa = PBXFileReference; lastKnownFileType = sourcecode.swift; path = JobDetailViewController.swift; sourceTree = "<group>"; };
		39D85DB62C13B06943787FD6 /* Pods-iTitaLimo.release.xcconfig */ = {isa = PBXFileReference; includeInIndex = 1; lastKnownFileType = text.xcconfig; name = "Pods-iTitaLimo.release.xcconfig"; path = "Target Support Files/Pods-iTitaLimo/Pods-iTitaLimo.release.xcconfig"; sourceTree = "<group>"; };
		A49EFDA60FFCD10DA7F744C9 /* Pods_iTitaLimo.framework */ = {isa = PBXFileReference; explicitFileType = wrapper.framework; includeInIndex = 0; path = Pods_iTitaLimo.framework; sourceTree = BUILT_PRODUCTS_DIR; };
/* End PBXFileReference section */

/* Begin PBXFrameworksBuildPhase section */
		2B11E48E254148A7007AD918 /* Frameworks */ = {
			isa = PBXFrameworksBuildPhase;
			buildActionMask = 2147483647;
			files = (
				D72546C094FA44933408AF69 /* Pods_iTitaLimo.framework in Frameworks */,
			);
			runOnlyForDeploymentPostprocessing = 0;
		};
/* End PBXFrameworksBuildPhase section */

/* Begin PBXGroup section */
		15C7949C39C6E6441423D8A9 /* Frameworks */ = {
			isa = PBXGroup;
			children = (
				A49EFDA60FFCD10DA7F744C9 /* Pods_iTitaLimo.framework */,
			);
			name = Frameworks;
			sourceTree = "<group>";
		};
		2B11E488254148A7007AD918 = {
			isa = PBXGroup;
			children = (
				2B11E493254148A7007AD918 /* iTitaLimo */,
				2B11E492254148A7007AD918 /* Products */,
				8F3398C36F946F05565DC207 /* Pods */,
				15C7949C39C6E6441423D8A9 /* Frameworks */,
			);
			sourceTree = "<group>";
		};
		2B11E492254148A7007AD918 /* Products */ = {
			isa = PBXGroup;
			children = (
				2B11E491254148A7007AD918 /* iTitaLimo.app */,
			);
			name = Products;
			sourceTree = "<group>";
		};
		2B11E493254148A7007AD918 /* iTitaLimo */ = {
			isa = PBXGroup;
			children = (
				2B5930F22547E3CC0055FE05 /* Cell */,
				2B5930CA254289E20055FE05 /* Models */,
				2B2E3413254176D400AF4D71 /* Extensions */,
				2B11E4B825414E5A007AD918 /* Network */,
				2B11E4AE25414B6B007AD918 /* Main */,
				2B11E49D254148A8007AD918 /* Assets.xcassets */,
				2B11E49F254148A8007AD918 /* LaunchScreen.storyboard */,
				2B11E4A2254148A8007AD918 /* Info.plist */,
			);
			path = iTitaLimo;
			sourceTree = "<group>";
		};
		2B11E4AE25414B6B007AD918 /* Main */ = {
			isa = PBXGroup;
			children = (
				2B11E49A254148A7007AD918 /* Main.storyboard */,
				2B11E494254148A7007AD918 /* AppDelegate.swift */,
				2B11E496254148A7007AD918 /* SceneDelegate.swift */,
				2B2E341025416F0E00AF4D71 /* LoginViewController.swift */,
				2B5930D0254728D00055FE05 /* JobListViewController.swift */,
				2BC452C72549ACF900CDBD9C /* DatePickerViewController.swift */,
				2BC4534B255268F500CDBD9C /* JobDetailViewController.swift */,
			);
			path = Main;
			sourceTree = "<group>";
		};
		2B11E4B825414E5A007AD918 /* Network */ = {
			isa = PBXGroup;
			children = (
				2B11E4BA25414E68007AD918 /* Router.swift */,
			);
			path = Network;
			sourceTree = "<group>";
		};
		2B2E3413254176D400AF4D71 /* Extensions */ = {
			isa = PBXGroup;
			children = (
				2B2E34142541778500AF4D71 /* UIColorExtension.swift */,
				2B5930CC25429B6F0055FE05 /* UITextFieldExtension.swift */,
				2BC45331254B109C00CDBD9C /* UITableViewExtension.swift */,
				2BC45334254B288200CDBD9C /* UIButtonExtension.swift */,
			);
			path = Extensions;
			sourceTree = "<group>";
		};
		2B5930CA254289E20055FE05 /* Models */ = {
			isa = PBXGroup;
			children = (
				2B5930C7254289C50055FE05 /* ResponseObject.swift */,
				2B5931052547F9EC0055FE05 /* JobDetail.swift */,
				2BC452DA2549C0CD00CDBD9C /* SearchFilter.swift */,
			);
			path = Models;
			sourceTree = "<group>";
		};
		2B5930F22547E3CC0055FE05 /* Cell */ = {
			isa = PBXGroup;
			children = (
				2B5930F32547E3FB0055FE05 /* JobTableViewCell.swift */,
				2BC452AC25492D7600CDBD9C /* SearchTableViewCell.swift */,
			);
			path = Cell;
			sourceTree = "<group>";
		};
		8F3398C36F946F05565DC207 /* Pods */ = {
			isa = PBXGroup;
			children = (
				1238A44BBEFAEEAEE421296B /* Pods-iTitaLimo.debug.xcconfig */,
				39D85DB62C13B06943787FD6 /* Pods-iTitaLimo.release.xcconfig */,
			);
			path = Pods;
			sourceTree = "<group>";
		};
/* End PBXGroup section */

/* Begin PBXNativeTarget section */
		2B11E490254148A7007AD918 /* iTitaLimo */ = {
			isa = PBXNativeTarget;
			buildConfigurationList = 2B11E4A5254148A8007AD918 /* Build configuration list for PBXNativeTarget "iTitaLimo" */;
			buildPhases = (
				CD29FF98B7D4EE865B4CEC06 /* [CP] Check Pods Manifest.lock */,
				2B11E48D254148A7007AD918 /* Sources */,
				2B11E48E254148A7007AD918 /* Frameworks */,
				2B11E48F254148A7007AD918 /* Resources */,
				E842F62776A58426A275B2BB /* [CP] Embed Pods Frameworks */,
			);
			buildRules = (
			);
			dependencies = (
			);
			name = iTitaLimo;
			productName = iTitaLimo;
			productReference = 2B11E491254148A7007AD918 /* iTitaLimo.app */;
			productType = "com.apple.product-type.application";
		};
/* End PBXNativeTarget section */

/* Begin PBXProject section */
		2B11E489254148A7007AD918 /* Project object */ = {
			isa = PBXProject;
			attributes = {
				LastSwiftUpdateCheck = 1200;
				LastUpgradeCheck = 1200;
				TargetAttributes = {
					2B11E490254148A7007AD918 = {
						CreatedOnToolsVersion = 12.0.1;
					};
				};
			};
			buildConfigurationList = 2B11E48C254148A7007AD918 /* Build configuration list for PBXProject "iTitaLimo" */;
			compatibilityVersion = "Xcode 9.3";
			developmentRegion = en;
			hasScannedForEncodings = 0;
			knownRegions = (
				en,
				Base,
			);
			mainGroup = 2B11E488254148A7007AD918;
			productRefGroup = 2B11E492254148A7007AD918 /* Products */;
			projectDirPath = "";
			projectRoot = "";
			targets = (
				2B11E490254148A7007AD918 /* iTitaLimo */,
			);
		};
/* End PBXProject section */

/* Begin PBXResourcesBuildPhase section */
		2B11E48F254148A7007AD918 /* Resources */ = {
			isa = PBXResourcesBuildPhase;
			buildActionMask = 2147483647;
			files = (
				2B11E4A1254148A8007AD918 /* LaunchScreen.storyboard in Resources */,
				2B11E49E254148A8007AD918 /* Assets.xcassets in Resources */,
				2B11E49C254148A7007AD918 /* Main.storyboard in Resources */,
			);
			runOnlyForDeploymentPostprocessing = 0;
		};
/* End PBXResourcesBuildPhase section */

/* Begin PBXShellScriptBuildPhase section */
		CD29FF98B7D4EE865B4CEC06 /* [CP] Check Pods Manifest.lock */ = {
			isa = PBXShellScriptBuildPhase;
			buildActionMask = 2147483647;
			files = (
			);
			inputFileListPaths = (
			);
			inputPaths = (
				"${PODS_PODFILE_DIR_PATH}/Podfile.lock",
				"${PODS_ROOT}/Manifest.lock",
			);
			name = "[CP] Check Pods Manifest.lock";
			outputFileListPaths = (
			);
			outputPaths = (
				"$(DERIVED_FILE_DIR)/Pods-iTitaLimo-checkManifestLockResult.txt",
			);
			runOnlyForDeploymentPostprocessing = 0;
			shellPath = /bin/sh;
			shellScript = "diff \"${PODS_PODFILE_DIR_PATH}/Podfile.lock\" \"${PODS_ROOT}/Manifest.lock\" > /dev/null\nif [ $? != 0 ] ; then\n    # print error to STDERR\n    echo \"error: The sandbox is not in sync with the Podfile.lock. Run 'pod install' or update your CocoaPods installation.\" >&2\n    exit 1\nfi\n# This output is used by Xcode 'outputs' to avoid re-running this script phase.\necho \"SUCCESS\" > \"${SCRIPT_OUTPUT_FILE_0}\"\n";
			showEnvVarsInLog = 0;
		};
		E842F62776A58426A275B2BB /* [CP] Embed Pods Frameworks */ = {
			isa = PBXShellScriptBuildPhase;
			buildActionMask = 2147483647;
			files = (
			);
			inputFileListPaths = (
				"${PODS_ROOT}/Target Support Files/Pods-iTitaLimo/Pods-iTitaLimo-frameworks-${CONFIGURATION}-input-files.xcfilelist",
			);
			name = "[CP] Embed Pods Frameworks";
			outputFileListPaths = (
				"${PODS_ROOT}/Target Support Files/Pods-iTitaLimo/Pods-iTitaLimo-frameworks-${CONFIGURATION}-output-files.xcfilelist",
			);
			runOnlyForDeploymentPostprocessing = 0;
			shellPath = /bin/sh;
			shellScript = "\"${PODS_ROOT}/Target Support Files/Pods-iTitaLimo/Pods-iTitaLimo-frameworks.sh\"\n";
			showEnvVarsInLog = 0;
		};
/* End PBXShellScriptBuildPhase section */

/* Begin PBXSourcesBuildPhase section */
		2B11E48D254148A7007AD918 /* Sources */ = {
			isa = PBXSourcesBuildPhase;
			buildActionMask = 2147483647;
			files = (
				2B2E341125416F0E00AF4D71 /* LoginViewController.swift in Sources */,
				2B5930C8254289C50055FE05 /* ResponseObject.swift in Sources */,
				2B5930CD25429B6F0055FE05 /* UITextFieldExtension.swift in Sources */,
				2B11E4BB25414E68007AD918 /* Router.swift in Sources */,
				2BC452AD25492D7600CDBD9C /* SearchTableViewCell.swift in Sources */,
				2BC4534C255268F500CDBD9C /* JobDetailViewController.swift in Sources */,
				2B5930D1254728D00055FE05 /* JobListViewController.swift in Sources */,
				2B2E34152541778500AF4D71 /* UIColorExtension.swift in Sources */,
				2B5931062547F9EC0055FE05 /* JobDetail.swift in Sources */,
				2BC452C82549ACF900CDBD9C /* DatePickerViewController.swift in Sources */,
				2BC452DB2549C0CD00CDBD9C /* SearchFilter.swift in Sources */,
				2B5930F42547E3FB0055FE05 /* JobTableViewCell.swift in Sources */,
				2BC45335254B288200CDBD9C /* UIButtonExtension.swift in Sources */,
				2B11E495254148A7007AD918 /* AppDelegate.swift in Sources */,
				2B11E497254148A7007AD918 /* SceneDelegate.swift in Sources */,
				2BC45332254B109C00CDBD9C /* UITableViewExtension.swift in Sources */,
			);
			runOnlyForDeploymentPostprocessing = 0;
		};
/* End PBXSourcesBuildPhase section */

/* Begin PBXVariantGroup section */
		2B11E49A254148A7007AD918 /* Main.storyboard */ = {
			isa = PBXVariantGroup;
			children = (
				2B11E49B254148A7007AD918 /* Base */,
			);
			name = Main.storyboard;
			sourceTree = "<group>";
		};
		2B11E49F254148A8007AD918 /* LaunchScreen.storyboard */ = {
			isa = PBXVariantGroup;
			children = (
				2B11E4A0254148A8007AD918 /* Base */,
			);
			name = LaunchScreen.storyboard;
			sourceTree = "<group>";
		};
/* End PBXVariantGroup section */

/* Begin XCBuildConfiguration section */
		2B11E4A3254148A8007AD918 /* Debug */ = {
			isa = XCBuildConfiguration;
			buildSettings = {
				ALWAYS_SEARCH_USER_PATHS = NO;
				CLANG_ANALYZER_NONNULL = YES;
				CLANG_ANALYZER_NUMBER_OBJECT_CONVERSION = YES_AGGRESSIVE;
				CLANG_CXX_LANGUAGE_STANDARD = "gnu++14";
				CLANG_CXX_LIBRARY = "libc++";
				CLANG_ENABLE_MODULES = YES;
				CLANG_ENABLE_OBJC_ARC = YES;
				CLANG_ENABLE_OBJC_WEAK = YES;
				CLANG_WARN_BLOCK_CAPTURE_AUTORELEASING = YES;
				CLANG_WARN_BOOL_CONVERSION = YES;
				CLANG_WARN_COMMA = YES;
				CLANG_WARN_CONSTANT_CONVERSION = YES;
				CLANG_WARN_DEPRECATED_OBJC_IMPLEMENTATIONS = YES;
				CLANG_WARN_DIRECT_OBJC_ISA_USAGE = YES_ERROR;
				CLANG_WARN_DOCUMENTATION_COMMENTS = YES;
				CLANG_WARN_EMPTY_BODY = YES;
				CLANG_WARN_ENUM_CONVERSION = YES;
				CLANG_WARN_INFINITE_RECURSION = YES;
				CLANG_WARN_INT_CONVERSION = YES;
				CLANG_WARN_NON_LITERAL_NULL_CONVERSION = YES;
				CLANG_WARN_OBJC_IMPLICIT_RETAIN_SELF = YES;
				CLANG_WARN_OBJC_LITERAL_CONVERSION = YES;
				CLANG_WARN_OBJC_ROOT_CLASS = YES_ERROR;
				CLANG_WARN_QUOTED_INCLUDE_IN_FRAMEWORK_HEADER = YES;
				CLANG_WARN_RANGE_LOOP_ANALYSIS = YES;
				CLANG_WARN_STRICT_PROTOTYPES = YES;
				CLANG_WARN_SUSPICIOUS_MOVE = YES;
				CLANG_WARN_UNGUARDED_AVAILABILITY = YES_AGGRESSIVE;
				CLANG_WARN_UNREACHABLE_CODE = YES;
				CLANG_WARN__DUPLICATE_METHOD_MATCH = YES;
				COPY_PHASE_STRIP = NO;
				DEBUG_INFORMATION_FORMAT = dwarf;
				ENABLE_STRICT_OBJC_MSGSEND = YES;
				ENABLE_TESTABILITY = YES;
				GCC_C_LANGUAGE_STANDARD = gnu11;
				GCC_DYNAMIC_NO_PIC = NO;
				GCC_NO_COMMON_BLOCKS = YES;
				GCC_OPTIMIZATION_LEVEL = 0;
				GCC_PREPROCESSOR_DEFINITIONS = (
					"DEBUG=1",
					"$(inherited)",
				);
				GCC_WARN_64_TO_32_BIT_CONVERSION = YES;
				GCC_WARN_ABOUT_RETURN_TYPE = YES_ERROR;
				GCC_WARN_UNDECLARED_SELECTOR = YES;
				GCC_WARN_UNINITIALIZED_AUTOS = YES_AGGRESSIVE;
				GCC_WARN_UNUSED_FUNCTION = YES;
				GCC_WARN_UNUSED_VARIABLE = YES;
				IPHONEOS_DEPLOYMENT_TARGET = 14.0;
				MTL_ENABLE_DEBUG_INFO = INCLUDE_SOURCE;
				MTL_FAST_MATH = YES;
				ONLY_ACTIVE_ARCH = YES;
				SDKROOT = iphoneos;
				SWIFT_ACTIVE_COMPILATION_CONDITIONS = DEBUG;
				SWIFT_OPTIMIZATION_LEVEL = "-Onone";
			};
			name = Debug;
		};
		2B11E4A4254148A8007AD918 /* Release */ = {
			isa = XCBuildConfiguration;
			buildSettings = {
				ALWAYS_SEARCH_USER_PATHS = NO;
				CLANG_ANALYZER_NONNULL = YES;
				CLANG_ANALYZER_NUMBER_OBJECT_CONVERSION = YES_AGGRESSIVE;
				CLANG_CXX_LANGUAGE_STANDARD = "gnu++14";
				CLANG_CXX_LIBRARY = "libc++";
				CLANG_ENABLE_MODULES = YES;
				CLANG_ENABLE_OBJC_ARC = YES;
				CLANG_ENABLE_OBJC_WEAK = YES;
				CLANG_WARN_BLOCK_CAPTURE_AUTORELEASING = YES;
				CLANG_WARN_BOOL_CONVERSION = YES;
				CLANG_WARN_COMMA = YES;
				CLANG_WARN_CONSTANT_CONVERSION = YES;
				CLANG_WARN_DEPRECATED_OBJC_IMPLEMENTATIONS = YES;
				CLANG_WARN_DIRECT_OBJC_ISA_USAGE = YES_ERROR;
				CLANG_WARN_DOCUMENTATION_COMMENTS = YES;
				CLANG_WARN_EMPTY_BODY = YES;
				CLANG_WARN_ENUM_CONVERSION = YES;
				CLANG_WARN_INFINITE_RECURSION = YES;
				CLANG_WARN_INT_CONVERSION = YES;
				CLANG_WARN_NON_LITERAL_NULL_CONVERSION = YES;
				CLANG_WARN_OBJC_IMPLICIT_RETAIN_SELF = YES;
				CLANG_WARN_OBJC_LITERAL_CONVERSION = YES;
				CLANG_WARN_OBJC_ROOT_CLASS = YES_ERROR;
				CLANG_WARN_QUOTED_INCLUDE_IN_FRAMEWORK_HEADER = YES;
				CLANG_WARN_RANGE_LOOP_ANALYSIS = YES;
				CLANG_WARN_STRICT_PROTOTYPES = YES;
				CLANG_WARN_SUSPICIOUS_MOVE = YES;
				CLANG_WARN_UNGUARDED_AVAILABILITY = YES_AGGRESSIVE;
				CLANG_WARN_UNREACHABLE_CODE = YES;
				CLANG_WARN__DUPLICATE_METHOD_MATCH = YES;
				COPY_PHASE_STRIP = NO;
				DEBUG_INFORMATION_FORMAT = "dwarf-with-dsym";
				ENABLE_NS_ASSERTIONS = NO;
				ENABLE_STRICT_OBJC_MSGSEND = YES;
				GCC_C_LANGUAGE_STANDARD = gnu11;
				GCC_NO_COMMON_BLOCKS = YES;
				GCC_WARN_64_TO_32_BIT_CONVERSION = YES;
				GCC_WARN_ABOUT_RETURN_TYPE = YES_ERROR;
				GCC_WARN_UNDECLARED_SELECTOR = YES;
				GCC_WARN_UNINITIALIZED_AUTOS = YES_AGGRESSIVE;
				GCC_WARN_UNUSED_FUNCTION = YES;
				GCC_WARN_UNUSED_VARIABLE = YES;
				IPHONEOS_DEPLOYMENT_TARGET = 14.0;
				MTL_ENABLE_DEBUG_INFO = NO;
				MTL_FAST_MATH = YES;
				SDKROOT = iphoneos;
				SWIFT_COMPILATION_MODE = wholemodule;
				SWIFT_OPTIMIZATION_LEVEL = "-O";
				VALIDATE_PRODUCT = YES;
			};
			name = Release;
		};
		2B11E4A6254148A8007AD918 /* Debug */ = {
			isa = XCBuildConfiguration;
			baseConfigurationReference = 1238A44BBEFAEEAEE421296B /* Pods-iTitaLimo.debug.xcconfig */;
			buildSettings = {
				ASSETCATALOG_COMPILER_APPICON_NAME = AppIcon;
				ASSETCATALOG_COMPILER_GLOBAL_ACCENT_COLOR_NAME = AccentColor;
				CODE_SIGN_STYLE = Automatic;
				DEVELOPMENT_TEAM = X32A6FCDS6;
				INFOPLIST_FILE = iTitaLimo/Info.plist;
				LD_RUNPATH_SEARCH_PATHS = (
					"$(inherited)",
					"@executable_path/Frameworks",
				);
				PRODUCT_BUNDLE_IDENTIFIER = com.info121.iTitaLimo;
				PRODUCT_NAME = "$(TARGET_NAME)";
				SWIFT_VERSION = 5.0;
				TARGETED_DEVICE_FAMILY = "1,2";
			};
			name = Debug;
		};
		2B11E4A7254148A8007AD918 /* Release */ = {
			isa = XCBuildConfiguration;
			baseConfigurationReference = 39D85DB62C13B06943787FD6 /* Pods-iTitaLimo.release.xcconfig */;
			buildSettings = {
				ASSETCATALOG_COMPILER_APPICON_NAME = AppIcon;
				ASSETCATALOG_COMPILER_GLOBAL_ACCENT_COLOR_NAME = AccentColor;
				CODE_SIGN_STYLE = Automatic;
				DEVELOPMENT_TEAM = X32A6FCDS6;
				INFOPLIST_FILE = iTitaLimo/Info.plist;
				LD_RUNPATH_SEARCH_PATHS = (
					"$(inherited)",
					"@executable_path/Frameworks",
				);
				PRODUCT_BUNDLE_IDENTIFIER = com.info121.iTitaLimo;
				PRODUCT_NAME = "$(TARGET_NAME)";
				SWIFT_VERSION = 5.0;
				TARGETED_DEVICE_FAMILY = "1,2";
			};
			name = Release;
		};
/* End XCBuildConfiguration section */

/* Begin XCConfigurationList section */
		2B11E48C254148A7007AD918 /* Build configuration list for PBXProject "iTitaLimo" */ = {
			isa = XCConfigurationList;
			buildConfigurations = (
				2B11E4A3254148A8007AD918 /* Debug */,
				2B11E4A4254148A8007AD918 /* Release */,
			);
			defaultConfigurationIsVisible = 0;
			defaultConfigurationName = Release;
		};
		2B11E4A5254148A8007AD918 /* Build configuration list for PBXNativeTarget "iTitaLimo" */ = {
			isa = XCConfigurationList;
			buildConfigurations = (
				2B11E4A6254148A8007AD918 /* Debug */,
				2B11E4A7254148A8007AD918 /* Release */,
			);
			defaultConfigurationIsVisible = 0;
			defaultConfigurationName = Release;
		};
/* End XCConfigurationList section */
	};
	rootObject = 2B11E489254148A7007AD918 /* Project object */;
}
