// !$*UTF8*$!
{
	archiveVersion = 1;
	classes = {
	};
	objectVersion = 50;
	objects = {

/* Begin PBXBuildFile section */
		1730CF653485F8877C68BCB7 /* libPods-iTitaLimo.a in Frameworks */ = {isa = PBXBuildFile; fileRef = F4F7BAD39598A22B929BCA46 /* libPods-iTitaLimo.a */; };
		2B0FE843257935EE00D6CC1D /* JobCountList.swift in Sources */ = {isa = PBXBuildFile; fileRef = 2B0FE842257935EE00D6CC1D /* JobCountList.swift */; };
		2B0FE87625812C8400D6CC1D /* AbstractViewController.swift in Sources */ = {isa = PBXBuildFile; fileRef = 2B0FE87525812C8300D6CC1D /* AbstractViewController.swift */; };
		2B11E495254148A7007AD918 /* AppDelegate.swift in Sources */ = {isa = PBXBuildFile; fileRef = 2B11E494254148A7007AD918 /* AppDelegate.swift */; };
		2B11E497254148A7007AD918 /* SceneDelegate.swift in Sources */ = {isa = PBXBuildFile; fileRef = 2B11E496254148A7007AD918 /* SceneDelegate.swift */; };
		2B11E49C254148A7007AD918 /* Main.storyboard in Resources */ = {isa = PBXBuildFile; fileRef = 2B11E49A254148A7007AD918 /* Main.storyboard */; };
		2B11E49E254148A8007AD918 /* Assets.xcassets in Resources */ = {isa = PBXBuildFile; fileRef = 2B11E49D254148A8007AD918 /* Assets.xcassets */; };
		2B11E4A1254148A8007AD918 /* LaunchScreen.storyboard in Resources */ = {isa = PBXBuildFile; fileRef = 2B11E49F254148A8007AD918 /* LaunchScreen.storyboard */; };
		2B11E4BB25414E68007AD918 /* Router.swift in Sources */ = {isa = PBXBuildFile; fileRef = 2B11E4BA25414E68007AD918 /* Router.swift */; };
		2B17E86B2565274E00CA0FF9 /* CompleteDialog.swift in Sources */ = {isa = PBXBuildFile; fileRef = 2B17E8692565274E00CA0FF9 /* CompleteDialog.swift */; };
		2B17E86C2565274E00CA0FF9 /* CompleteDialog.xib in Resources */ = {isa = PBXBuildFile; fileRef = 2B17E86A2565274E00CA0FF9 /* CompleteDialog.xib */; };
		2B2E341125416F0E00AF4D71 /* LoginViewController.swift in Sources */ = {isa = PBXBuildFile; fileRef = 2B2E341025416F0E00AF4D71 /* LoginViewController.swift */; };
		2B2E34152541778500AF4D71 /* UIColorExtension.swift in Sources */ = {isa = PBXBuildFile; fileRef = 2B2E34142541778500AF4D71 /* UIColorExtension.swift */; };
		2B5930C8254289C50055FE05 /* ResponseObject.swift in Sources */ = {isa = PBXBuildFile; fileRef = 2B5930C7254289C50055FE05 /* ResponseObject.swift */; };
		2B5930CD25429B6F0055FE05 /* UITextFieldExtension.swift in Sources */ = {isa = PBXBuildFile; fileRef = 2B5930CC25429B6F0055FE05 /* UITextFieldExtension.swift */; };
		2B5930D1254728D00055FE05 /* JobListViewController.swift in Sources */ = {isa = PBXBuildFile; fileRef = 2B5930D0254728D00055FE05 /* JobListViewController.swift */; };
		2B5930F42547E3FB0055FE05 /* JobTableViewCell.swift in Sources */ = {isa = PBXBuildFile; fileRef = 2B5930F32547E3FB0055FE05 /* JobTableViewCell.swift */; };
		2B5931062547F9EC0055FE05 /* JobDetail.swift in Sources */ = {isa = PBXBuildFile; fileRef = 2B5931052547F9EC0055FE05 /* JobDetail.swift */; };
		2B65783625598EF600A157FB /* PassengerOnBoardDialog.swift in Sources */ = {isa = PBXBuildFile; fileRef = 2B65783425598EF600A157FB /* PassengerOnBoardDialog.swift */; };
		2B65783725598EF600A157FB /* PassengerOnBoardDialog.xib in Resources */ = {isa = PBXBuildFile; fileRef = 2B65783525598EF600A157FB /* PassengerOnBoardDialog.xib */; };
		2B65785C255BBCCF00A157FB /* FTPUpload.swift in Sources */ = {isa = PBXBuildFile; fileRef = 2B65785B255BBCCF00A157FB /* FTPUpload.swift */; };
		2B6578CC255D41EB00A157FB /* UIViewExtension.swift in Sources */ = {isa = PBXBuildFile; fileRef = 2B6578CB255D41EB00A157FB /* UIViewExtension.swift */; };
		2B6578CF2563CD6A00A157FB /* DataTypeExtension.swift in Sources */ = {isa = PBXBuildFile; fileRef = 2B6578CE2563CD6A00A157FB /* DataTypeExtension.swift */; };
		2B67548B256CBD0D0012A4FF /* Util.swift in Sources */ = {isa = PBXBuildFile; fileRef = 2B67548A256CBD0D0012A4FF /* Util.swift */; };
		2B6754A1256E2E360012A4FF /* GoogleService-Info.plist in Resources */ = {isa = PBXBuildFile; fileRef = 2B6754A0256E2E360012A4FF /* GoogleService-Info.plist */; };
		2B88B4B92573F2B7004B6609 /* NotiViewController.swift in Sources */ = {isa = PBXBuildFile; fileRef = 2B88B4B82573F2B7004B6609 /* NotiViewController.swift */; };
		2BB06FD225A6C79F00C1A3C7 /* NotificationService.swift in Sources */ = {isa = PBXBuildFile; fileRef = 2BB06FD125A6C79F00C1A3C7 /* NotificationService.swift */; };
		2BB06FD725A6C79F00C1A3C7 /* iTitalimoNotiServiceExtension.appex in Embed Foundation Extensions */ = {isa = PBXBuildFile; fileRef = 2BB06FCF25A6C79F00C1A3C7 /* iTitalimoNotiServiceExtension.appex */; settings = {ATTRIBUTES = (RemoveHeadersOnCopy, ); }; };
		2BC267E9255854BE003D809B /* ActionDialog.swift in Sources */ = {isa = PBXBuildFile; fileRef = 2BC267E7255854BE003D809B /* ActionDialog.swift */; };
		2BC267EA255854BE003D809B /* ActionDialog.xib in Resources */ = {isa = PBXBuildFile; fileRef = 2BC267E8255854BE003D809B /* ActionDialog.xib */; };
		2BC452AD25492D7600CDBD9C /* SearchTableViewCell.swift in Sources */ = {isa = PBXBuildFile; fileRef = 2BC452AC25492D7600CDBD9C /* SearchTableViewCell.swift */; };
		2BC452C82549ACF900CDBD9C /* DatePickerViewController.swift in Sources */ = {isa = PBXBuildFile; fileRef = 2BC452C72549ACF900CDBD9C /* DatePickerViewController.swift */; };
		2BC452DB2549C0CD00CDBD9C /* SearchFilter.swift in Sources */ = {isa = PBXBuildFile; fileRef = 2BC452DA2549C0CD00CDBD9C /* SearchFilter.swift */; };
		2BC45332254B109C00CDBD9C /* UITableViewExtension.swift in Sources */ = {isa = PBXBuildFile; fileRef = 2BC45331254B109C00CDBD9C /* UITableViewExtension.swift */; };
		2BC45335254B288200CDBD9C /* UIButtonExtension.swift in Sources */ = {isa = PBXBuildFile; fileRef = 2BC45334254B288200CDBD9C /* UIButtonExtension.swift */; };
		2BC4534C255268F500CDBD9C /* JobDetailViewController.swift in Sources */ = {isa = PBXBuildFile; fileRef = 2BC4534B255268F500CDBD9C /* JobDetailViewController.swift */; };
		2BC453612554460000CDBD9C /* PhoneTableViewCell.swift in Sources */ = {isa = PBXBuildFile; fileRef = 2BC453602554460000CDBD9C /* PhoneTableViewCell.swift */; };
/* End PBXBuildFile section */

/* Begin PBXContainerItemProxy section */
		2BB06FD425A6C79F00C1A3C7 /* PBXContainerItemProxy */ = {
			isa = PBXContainerItemProxy;
			containerPortal = 2B11E489254148A7007AD918 /* Project object */;
			proxyType = 1;
			remoteGlobalIDString = 2BB06FCE25A6C79F00C1A3C7;
			remoteInfo = iTitalimoNotiServiceExtension;
		};
/* End PBXContainerItemProxy section */

/* Begin PBXCopyFilesBuildPhase section */
		2BB06FD625A6C79F00C1A3C7 /* Embed Foundation Extensions */ = {
			isa = PBXCopyFilesBuildPhase;
			buildActionMask = 2147483647;
			dstPath = "";
			dstSubfolderSpec = 13;
			files = (
				2BB06FD725A6C79F00C1A3C7 /* iTitalimoNotiServiceExtension.appex in Embed Foundation Extensions */,
			);
			name = "Embed Foundation Extensions";
			runOnlyForDeploymentPostprocessing = 0;
		};
/* End PBXCopyFilesBuildPhase section */

/* Begin PBXFileReference section */
		1238A44BBEFAEEAEE421296B /* Pods-iTitaLimo.debug.xcconfig */ = {isa = PBXFileReference; includeInIndex = 1; lastKnownFileType = text.xcconfig; name = "Pods-iTitaLimo.debug.xcconfig"; path = "Target Support Files/Pods-iTitaLimo/Pods-iTitaLimo.debug.xcconfig"; sourceTree = "<group>"; };
		2B0FE842257935EE00D6CC1D /* JobCountList.swift */ = {isa = PBXFileReference; lastKnownFileType = sourcecode.swift; path = JobCountList.swift; sourceTree = "<group>"; };
		2B0FE87525812C8300D6CC1D /* AbstractViewController.swift */ = {isa = PBXFileReference; lastKnownFileType = sourcecode.swift; path = AbstractViewController.swift; sourceTree = "<group>"; };
		2B11E491254148A7007AD918 /* iTitaLimo.app */ = {isa = PBXFileReference; explicitFileType = wrapper.application; includeInIndex = 0; path = iTitaLimo.app; sourceTree = BUILT_PRODUCTS_DIR; };
		2B11E494254148A7007AD918 /* AppDelegate.swift */ = {isa = PBXFileReference; lastKnownFileType = sourcecode.swift; path = AppDelegate.swift; sourceTree = "<group>"; };
		2B11E496254148A7007AD918 /* SceneDelegate.swift */ = {isa = PBXFileReference; lastKnownFileType = sourcecode.swift; path = SceneDelegate.swift; sourceTree = "<group>"; };
		2B11E49B254148A7007AD918 /* Base */ = {isa = PBXFileReference; lastKnownFileType = file.storyboard; name = Base; path = Base.lproj/Main.storyboard; sourceTree = "<group>"; };
		2B11E49D254148A8007AD918 /* Assets.xcassets */ = {isa = PBXFileReference; lastKnownFileType = folder.assetcatalog; path = Assets.xcassets; sourceTree = "<group>"; };
		2B11E4A0254148A8007AD918 /* Base */ = {isa = PBXFileReference; lastKnownFileType = file.storyboard; name = Base; path = Base.lproj/LaunchScreen.storyboard; sourceTree = "<group>"; };
		2B11E4A2254148A8007AD918 /* Info.plist */ = {isa = PBXFileReference; lastKnownFileType = text.plist.xml; path = Info.plist; sourceTree = "<group>"; };
		2B11E4BA25414E68007AD918 /* Router.swift */ = {isa = PBXFileReference; lastKnownFileType = sourcecode.swift; path = Router.swift; sourceTree = "<group>"; };
		2B17E8692565274E00CA0FF9 /* CompleteDialog.swift */ = {isa = PBXFileReference; lastKnownFileType = sourcecode.swift; path = CompleteDialog.swift; sourceTree = "<group>"; };
		2B17E86A2565274E00CA0FF9 /* CompleteDialog.xib */ = {isa = PBXFileReference; lastKnownFileType = file.xib; path = CompleteDialog.xib; sourceTree = "<group>"; };
		2B2E341025416F0E00AF4D71 /* LoginViewController.swift */ = {isa = PBXFileReference; lastKnownFileType = sourcecode.swift; path = LoginViewController.swift; sourceTree = "<group>"; };
		2B2E34142541778500AF4D71 /* UIColorExtension.swift */ = {isa = PBXFileReference; lastKnownFileType = sourcecode.swift; path = UIColorExtension.swift; sourceTree = "<group>"; };
		2B5930C7254289C50055FE05 /* ResponseObject.swift */ = {isa = PBXFileReference; lastKnownFileType = sourcecode.swift; path = ResponseObject.swift; sourceTree = "<group>"; };
		2B5930CC25429B6F0055FE05 /* UITextFieldExtension.swift */ = {isa = PBXFileReference; lastKnownFileType = sourcecode.swift; path = UITextFieldExtension.swift; sourceTree = "<group>"; };
		2B5930D0254728D00055FE05 /* JobListViewController.swift */ = {isa = PBXFileReference; lastKnownFileType = sourcecode.swift; path = JobListViewController.swift; sourceTree = "<group>"; };
		2B5930F32547E3FB0055FE05 /* JobTableViewCell.swift */ = {isa = PBXFileReference; lastKnownFileType = sourcecode.swift; path = JobTableViewCell.swift; sourceTree = "<group>"; };
		2B5931052547F9EC0055FE05 /* JobDetail.swift */ = {isa = PBXFileReference; lastKnownFileType = sourcecode.swift; path = JobDetail.swift; sourceTree = "<group>"; };
		2B65783425598EF600A157FB /* PassengerOnBoardDialog.swift */ = {isa = PBXFileReference; lastKnownFileType = sourcecode.swift; path = PassengerOnBoardDialog.swift; sourceTree = "<group>"; };
		2B65783525598EF600A157FB /* PassengerOnBoardDialog.xib */ = {isa = PBXFileReference; lastKnownFileType = file.xib; path = PassengerOnBoardDialog.xib; sourceTree = "<group>"; };
		2B65785B255BBCCF00A157FB /* FTPUpload.swift */ = {isa = PBXFileReference; lastKnownFileType = sourcecode.swift; path = FTPUpload.swift; sourceTree = "<group>"; };
		2B6578CB255D41EB00A157FB /* UIViewExtension.swift */ = {isa = PBXFileReference; lastKnownFileType = sourcecode.swift; path = UIViewExtension.swift; sourceTree = "<group>"; };
		2B6578CE2563CD6A00A157FB /* DataTypeExtension.swift */ = {isa = PBXFileReference; lastKnownFileType = sourcecode.swift; path = DataTypeExtension.swift; sourceTree = "<group>"; };
		2B67548A256CBD0D0012A4FF /* Util.swift */ = {isa = PBXFileReference; lastKnownFileType = sourcecode.swift; path = Util.swift; sourceTree = "<group>"; };
		2B67549E256E2DA60012A4FF /* iTitaLimo.entitlements */ = {isa = PBXFileReference; lastKnownFileType = text.plist.entitlements; path = iTitaLimo.entitlements; sourceTree = "<group>"; };
		2B6754A0256E2E360012A4FF /* GoogleService-Info.plist */ = {isa = PBXFileReference; fileEncoding = 4; lastKnownFileType = text.plist.xml; path = "GoogleService-Info.plist"; sourceTree = "<group>"; };
		2B88B4B82573F2B7004B6609 /* NotiViewController.swift */ = {isa = PBXFileReference; lastKnownFileType = sourcecode.swift; path = NotiViewController.swift; sourceTree = "<group>"; };
		2BB06FCF25A6C79F00C1A3C7 /* iTitalimoNotiServiceExtension.appex */ = {isa = PBXFileReference; explicitFileType = "wrapper.app-extension"; includeInIndex = 0; path = iTitalimoNotiServiceExtension.appex; sourceTree = BUILT_PRODUCTS_DIR; };
		2BB06FD125A6C79F00C1A3C7 /* NotificationService.swift */ = {isa = PBXFileReference; lastKnownFileType = sourcecode.swift; path = NotificationService.swift; sourceTree = "<group>"; };
		2BB06FD325A6C79F00C1A3C7 /* Info.plist */ = {isa = PBXFileReference; lastKnownFileType = text.plist.xml; path = Info.plist; sourceTree = "<group>"; };
		2BB06FEC25A6C7E500C1A3C7 /* iTitalimoNotiServiceExtension.entitlements */ = {isa = PBXFileReference; lastKnownFileType = text.plist.entitlements; path = iTitalimoNotiServiceExtension.entitlements; sourceTree = "<group>"; };
		2BC267E7255854BE003D809B /* ActionDialog.swift */ = {isa = PBXFileReference; lastKnownFileType = sourcecode.swift; path = ActionDialog.swift; sourceTree = "<group>"; };
		2BC267E8255854BE003D809B /* ActionDialog.xib */ = {isa = PBXFileReference; lastKnownFileType = file.xib; path = ActionDialog.xib; sourceTree = "<group>"; };
		2BC452AC25492D7600CDBD9C /* SearchTableViewCell.swift */ = {isa = PBXFileReference; lastKnownFileType = sourcecode.swift; path = SearchTableViewCell.swift; sourceTree = "<group>"; };
		2BC452C72549ACF900CDBD9C /* DatePickerViewController.swift */ = {isa = PBXFileReference; lastKnownFileType = sourcecode.swift; path = DatePickerViewController.swift; sourceTree = "<group>"; };
		2BC452DA2549C0CD00CDBD9C /* SearchFilter.swift */ = {isa = PBXFileReference; lastKnownFileType = sourcecode.swift; path = SearchFilter.swift; sourceTree = "<group>"; };
		2BC45331254B109C00CDBD9C /* UITableViewExtension.swift */ = {isa = PBXFileReference; lastKnownFileType = sourcecode.swift; path = UITableViewExtension.swift; sourceTree = "<group>"; };
		2BC45334254B288200CDBD9C /* UIButtonExtension.swift */ = {isa = PBXFileReference; lastKnownFileType = sourcecode.swift; path = UIButtonExtension.swift; sourceTree = "<group>"; };
		2BC4534B255268F500CDBD9C /* JobDetailViewController.swift */ = {isa = PBXFileReference; lastKnownFileType = sourcecode.swift; path = JobDetailViewController.swift; sourceTree = "<group>"; };
		2BC453602554460000CDBD9C /* PhoneTableViewCell.swift */ = {isa = PBXFileReference; lastKnownFileType = sourcecode.swift; path = PhoneTableViewCell.swift; sourceTree = "<group>"; };
		39D85DB62C13B06943787FD6 /* Pods-iTitaLimo.release.xcconfig */ = {isa = PBXFileReference; includeInIndex = 1; lastKnownFileType = text.xcconfig; name = "Pods-iTitaLimo.release.xcconfig"; path = "Target Support Files/Pods-iTitaLimo/Pods-iTitaLimo.release.xcconfig"; sourceTree = "<group>"; };
		F4F7BAD39598A22B929BCA46 /* libPods-iTitaLimo.a */ = {isa = PBXFileReference; explicitFileType = archive.ar; includeInIndex = 0; path = "libPods-iTitaLimo.a"; sourceTree = BUILT_PRODUCTS_DIR; };
/* End PBXFileReference section */

/* Begin PBXFrameworksBuildPhase section */
		2B11E48E254148A7007AD918 /* Frameworks */ = {
			isa = PBXFrameworksBuildPhase;
			buildActionMask = 2147483647;
			files = (
				1730CF653485F8877C68BCB7 /* libPods-iTitaLimo.a in Frameworks */,
			);
			runOnlyForDeploymentPostprocessing = 0;
		};
		2BB06FCC25A6C79F00C1A3C7 /* Frameworks */ = {
			isa = PBXFrameworksBuildPhase;
			buildActionMask = 2147483647;
			files = (
			);
			runOnlyForDeploymentPostprocessing = 0;
		};
/* End PBXFrameworksBuildPhase section */

/* Begin PBXGroup section */
		15C7949C39C6E6441423D8A9 /* Frameworks */ = {
			isa = PBXGroup;
			children = (
				F4F7BAD39598A22B929BCA46 /* libPods-iTitaLimo.a */,
			);
			name = Frameworks;
			sourceTree = "<group>";
		};
		2B11E488254148A7007AD918 = {
			isa = PBXGroup;
			children = (
				2B11E493254148A7007AD918 /* iTitaLimo */,
				2BB06FD025A6C79F00C1A3C7 /* iTitalimoNotiServiceExtension */,
				2B11E492254148A7007AD918 /* Products */,
				8F3398C36F946F05565DC207 /* Pods */,
				15C7949C39C6E6441423D8A9 /* Frameworks */,
			);
			sourceTree = "<group>";
		};
		2B11E492254148A7007AD918 /* Products */ = {
			isa = PBXGroup;
			children = (
				2B11E491254148A7007AD918 /* iTitaLimo.app */,
				2BB06FCF25A6C79F00C1A3C7 /* iTitalimoNotiServiceExtension.appex */,
			);
			name = Products;
			sourceTree = "<group>";
		};
		2B11E493254148A7007AD918 /* iTitaLimo */ = {
			isa = PBXGroup;
			children = (
				2B67549E256E2DA60012A4FF /* iTitaLimo.entitlements */,
				2B6578B7255D112600A157FB /* Utils */,
				2BA9E7A62557C56500B6ECE7 /* Dialogs */,
				2B5930F22547E3CC0055FE05 /* Cell */,
				2B5930CA254289E20055FE05 /* Models */,
				2B2E3413254176D400AF4D71 /* Extensions */,
				2B11E4B825414E5A007AD918 /* Network */,
				2B11E4AE25414B6B007AD918 /* Main */,
				2B11E49D254148A8007AD918 /* Assets.xcassets */,
				2B11E49F254148A8007AD918 /* LaunchScreen.storyboard */,
				2B6754A0256E2E360012A4FF /* GoogleService-Info.plist */,
				2B11E4A2254148A8007AD918 /* Info.plist */,
			);
			path = iTitaLimo;
			sourceTree = "<group>";
		};
		2B11E4AE25414B6B007AD918 /* Main */ = {
			isa = PBXGroup;
			children = (
				2B11E49A254148A7007AD918 /* Main.storyboard */,
				2B11E494254148A7007AD918 /* AppDelegate.swift */,
				2B11E496254148A7007AD918 /* SceneDelegate.swift */,
				2B2E341025416F0E00AF4D71 /* LoginViewController.swift */,
				2B5930D0254728D00055FE05 /* JobListViewController.swift */,
				2BC452C72549ACF900CDBD9C /* DatePickerViewController.swift */,
				2BC4534B255268F500CDBD9C /* JobDetailViewController.swift */,
				2B88B4B82573F2B7004B6609 /* NotiViewController.swift */,
				2B0FE87525812C8300D6CC1D /* AbstractViewController.swift */,
			);
			path = Main;
			sourceTree = "<group>";
		};
		2B11E4B825414E5A007AD918 /* Network */ = {
			isa = PBXGroup;
			children = (
				2B11E4BA25414E68007AD918 /* Router.swift */,
				2B65785B255BBCCF00A157FB /* FTPUpload.swift */,
			);
			path = Network;
			sourceTree = "<group>";
		};
		2B2E3413254176D400AF4D71 /* Extensions */ = {
			isa = PBXGroup;
			children = (
				2B2E34142541778500AF4D71 /* UIColorExtension.swift */,
				2B5930CC25429B6F0055FE05 /* UITextFieldExtension.swift */,
				2BC45331254B109C00CDBD9C /* UITableViewExtension.swift */,
				2BC45334254B288200CDBD9C /* UIButtonExtension.swift */,
				2B6578CB255D41EB00A157FB /* UIViewExtension.swift */,
				2B6578CE2563CD6A00A157FB /* DataTypeExtension.swift */,
			);
			path = Extensions;
			sourceTree = "<group>";
		};
		2B5930CA254289E20055FE05 /* Models */ = {
			isa = PBXGroup;
			children = (
				2B5930C7254289C50055FE05 /* ResponseObject.swift */,
				2B5931052547F9EC0055FE05 /* JobDetail.swift */,
				2BC452DA2549C0CD00CDBD9C /* SearchFilter.swift */,
				2B0FE842257935EE00D6CC1D /* JobCountList.swift */,
			);
			path = Models;
			sourceTree = "<group>";
		};
		2B5930F22547E3CC0055FE05 /* Cell */ = {
			isa = PBXGroup;
			children = (
				2B5930F32547E3FB0055FE05 /* JobTableViewCell.swift */,
				2BC452AC25492D7600CDBD9C /* SearchTableViewCell.swift */,
				2BC453602554460000CDBD9C /* PhoneTableViewCell.swift */,
			);
			path = Cell;
			sourceTree = "<group>";
		};
		2B6578B7255D112600A157FB /* Utils */ = {
			isa = PBXGroup;
			children = (
				2B67548A256CBD0D0012A4FF /* Util.swift */,
			);
			path = Utils;
			sourceTree = "<group>";
		};
		2BA9E7A62557C56500B6ECE7 /* Dialogs */ = {
			isa = PBXGroup;
			children = (
				2BC267E7255854BE003D809B /* ActionDialog.swift */,
				2BC267E8255854BE003D809B /* ActionDialog.xib */,
				2B65783425598EF600A157FB /* PassengerOnBoardDialog.swift */,
				2B65783525598EF600A157FB /* PassengerOnBoardDialog.xib */,
				2B17E8692565274E00CA0FF9 /* CompleteDialog.swift */,
				2B17E86A2565274E00CA0FF9 /* CompleteDialog.xib */,
			);
			path = Dialogs;
			sourceTree = "<group>";
		};
		2BB06FD025A6C79F00C1A3C7 /* iTitalimoNotiServiceExtension */ = {
			isa = PBXGroup;
			children = (
				2BB06FEC25A6C7E500C1A3C7 /* iTitalimoNotiServiceExtension.entitlements */,
				2BB06FD125A6C79F00C1A3C7 /* NotificationService.swift */,
				2BB06FD325A6C79F00C1A3C7 /* Info.plist */,
			);
			path = iTitalimoNotiServiceExtension;
			sourceTree = "<group>";
		};
		8F3398C36F946F05565DC207 /* Pods */ = {
			isa = PBXGroup;
			children = (
				1238A44BBEFAEEAEE421296B /* Pods-iTitaLimo.debug.xcconfig */,
				39D85DB62C13B06943787FD6 /* Pods-iTitaLimo.release.xcconfig */,
			);
			path = Pods;
			sourceTree = "<group>";
		};
/* End PBXGroup section */

/* Begin PBXNativeTarget section */
		2B11E490254148A7007AD918 /* iTitaLimo */ = {
			isa = PBXNativeTarget;
			buildConfigurationList = 2B11E4A5254148A8007AD918 /* Build configuration list for PBXNativeTarget "iTitaLimo" */;
			buildPhases = (
				CD29FF98B7D4EE865B4CEC06 /* [CP] Check Pods Manifest.lock */,
				2B11E48D254148A7007AD918 /* Sources */,
				2B11E48E254148A7007AD918 /* Frameworks */,
				2B11E48F254148A7007AD918 /* Resources */,
				2BB06FD625A6C79F00C1A3C7 /* Embed Foundation Extensions */,
			);
			buildRules = (
			);
			dependencies = (
				2BB06FD525A6C79F00C1A3C7 /* PBXTargetDependency */,
			);
			name = iTitaLimo;
			productName = iTitaLimo;
			productReference = 2B11E491254148A7007AD918 /* iTitaLimo.app */;
			productType = "com.apple.product-type.application";
		};
		2BB06FCE25A6C79F00C1A3C7 /* iTitalimoNotiServiceExtension */ = {
			isa = PBXNativeTarget;
			buildConfigurationList = 2BB06FD825A6C79F00C1A3C7 /* Build configuration list for PBXNativeTarget "iTitalimoNotiServiceExtension" */;
			buildPhases = (
				2BB06FCB25A6C79F00C1A3C7 /* Sources */,
				2BB06FCC25A6C79F00C1A3C7 /* Frameworks */,
				2BB06FCD25A6C79F00C1A3C7 /* Resources */,
			);
			buildRules = (
			);
			dependencies = (
			);
			name = iTitalimoNotiServiceExtension;
			productName = iTitalimoNotiServiceExtension;
			productReference = 2BB06FCF25A6C79F00C1A3C7 /* iTitalimoNotiServiceExtension.appex */;
			productType = "com.apple.product-type.app-extension";
		};
/* End PBXNativeTarget section */

/* Begin PBXProject section */
		2B11E489254148A7007AD918 /* Project object */ = {
			isa = PBXProject;
			attributes = {
				LastSwiftUpdateCheck = 1210;
				LastUpgradeCheck = 1420;
				TargetAttributes = {
					2B11E490254148A7007AD918 = {
						CreatedOnToolsVersion = 12.0.1;
					};
					2BB06FCE25A6C79F00C1A3C7 = {
						CreatedOnToolsVersion = 12.1;
					};
				};
			};
			buildConfigurationList = 2B11E48C254148A7007AD918 /* Build configuration list for PBXProject "iTitaLimo" */;
			compatibilityVersion = "Xcode 9.3";
			developmentRegion = en;
			hasScannedForEncodings = 0;
			knownRegions = (
				en,
				Base,
			);
			mainGroup = 2B11E488254148A7007AD918;
			productRefGroup = 2B11E492254148A7007AD918 /* Products */;
			projectDirPath = "";
			projectRoot = "";
			targets = (
				2B11E490254148A7007AD918 /* iTitaLimo */,
				2BB06FCE25A6C79F00C1A3C7 /* iTitalimoNotiServiceExtension */,
			);
		};
/* End PBXProject section */

/* Begin PBXResourcesBuildPhase section */
		2B11E48F254148A7007AD918 /* Resources */ = {
			isa = PBXResourcesBuildPhase;
			buildActionMask = 2147483647;
			files = (
				2B65783725598EF600A157FB /* PassengerOnBoardDialog.xib in Resources */,
				2B11E4A1254148A8007AD918 /* LaunchScreen.storyboard in Resources */,
				2B17E86C2565274E00CA0FF9 /* CompleteDialog.xib in Resources */,
				2B11E49E254148A8007AD918 /* Assets.xcassets in Resources */,
				2B11E49C254148A7007AD918 /* Main.storyboard in Resources */,
				2BC267EA255854BE003D809B /* ActionDialog.xib in Resources */,
				2B6754A1256E2E360012A4FF /* GoogleService-Info.plist in Resources */,
			);
			runOnlyForDeploymentPostprocessing = 0;
		};
		2BB06FCD25A6C79F00C1A3C7 /* Resources */ = {
			isa = PBXResourcesBuildPhase;
			buildActionMask = 2147483647;
			files = (
			);
			runOnlyForDeploymentPostprocessing = 0;
		};
/* End PBXResourcesBuildPhase section */

/* Begin PBXShellScriptBuildPhase section */
		CD29FF98B7D4EE865B4CEC06 /* [CP] Check Pods Manifest.lock */ = {
			isa = PBXShellScriptBuildPhase;
			buildActionMask = 2147483647;
			files = (
			);
			inputFileListPaths = (
			);
			inputPaths = (
				"${PODS_PODFILE_DIR_PATH}/Podfile.lock",
				"${PODS_ROOT}/Manifest.lock",
			);
			name = "[CP] Check Pods Manifest.lock";
			outputFileListPaths = (
			);
			outputPaths = (
				"$(DERIVED_FILE_DIR)/Pods-iTitaLimo-checkManifestLockResult.txt",
			);
			runOnlyForDeploymentPostprocessing = 0;
			shellPath = /bin/sh;
			shellScript = "diff \"${PODS_PODFILE_DIR_PATH}/Podfile.lock\" \"${PODS_ROOT}/Manifest.lock\" > /dev/null\nif [ $? != 0 ] ; then\n    # print error to STDERR\n    echo \"error: The sandbox is not in sync with the Podfile.lock. Run 'pod install' or update your CocoaPods installation.\" >&2\n    exit 1\nfi\n# This output is used by Xcode 'outputs' to avoid re-running this script phase.\necho \"SUCCESS\" > \"${SCRIPT_OUTPUT_FILE_0}\"\n";
			showEnvVarsInLog = 0;
		};
/* End PBXShellScriptBuildPhase section */

/* Begin PBXSourcesBuildPhase section */
		2B11E48D254148A7007AD918 /* Sources */ = {
			isa = PBXSourcesBuildPhase;
			buildActionMask = 2147483647;
			files = (
				2B2E341125416F0E00AF4D71 /* LoginViewController.swift in Sources */,
				2B0FE843257935EE00D6CC1D /* JobCountList.swift in Sources */,
				2B65785C255BBCCF00A157FB /* FTPUpload.swift in Sources */,
				2B88B4B92573F2B7004B6609 /* NotiViewController.swift in Sources */,
				2B6578CF2563CD6A00A157FB /* DataTypeExtension.swift in Sources */,
				2B6578CC255D41EB00A157FB /* UIViewExtension.swift in Sources */,
				2B0FE87625812C8400D6CC1D /* AbstractViewController.swift in Sources */,
				2BC267E9255854BE003D809B /* ActionDialog.swift in Sources */,
				2B5930C8254289C50055FE05 /* ResponseObject.swift in Sources */,
				2B5930CD25429B6F0055FE05 /* UITextFieldExtension.swift in Sources */,
				2B11E4BB25414E68007AD918 /* Router.swift in Sources */,
				2B17E86B2565274E00CA0FF9 /* CompleteDialog.swift in Sources */,
				2BC453612554460000CDBD9C /* PhoneTableViewCell.swift in Sources */,
				2BC452AD25492D7600CDBD9C /* SearchTableViewCell.swift in Sources */,
				2BC4534C255268F500CDBD9C /* JobDetailViewController.swift in Sources */,
				2B5930D1254728D00055FE05 /* JobListViewController.swift in Sources */,
				2B2E34152541778500AF4D71 /* UIColorExtension.swift in Sources */,
				2B5931062547F9EC0055FE05 /* JobDetail.swift in Sources */,
				2BC452C82549ACF900CDBD9C /* DatePickerViewController.swift in Sources */,
				2BC452DB2549C0CD00CDBD9C /* SearchFilter.swift in Sources */,
				2B5930F42547E3FB0055FE05 /* JobTableViewCell.swift in Sources */,
				2BC45335254B288200CDBD9C /* UIButtonExtension.swift in Sources */,
				2B65783625598EF600A157FB /* PassengerOnBoardDialog.swift in Sources */,
				2B11E495254148A7007AD918 /* AppDelegate.swift in Sources */,
				2B67548B256CBD0D0012A4FF /* Util.swift in Sources */,
				2B11E497254148A7007AD918 /* SceneDelegate.swift in Sources */,
				2BC45332254B109C00CDBD9C /* UITableViewExtension.swift in Sources */,
			);
			runOnlyForDeploymentPostprocessing = 0;
		};
		2BB06FCB25A6C79F00C1A3C7 /* Sources */ = {
			isa = PBXSourcesBuildPhase;
			buildActionMask = 2147483647;
			files = (
				2BB06FD225A6C79F00C1A3C7 /* NotificationService.swift in Sources */,
			);
			runOnlyForDeploymentPostprocessing = 0;
		};
/* End PBXSourcesBuildPhase section */

/* Begin PBXTargetDependency section */
		2BB06FD525A6C79F00C1A3C7 /* PBXTargetDependency */ = {
			isa = PBXTargetDependency;
			target = 2BB06FCE25A6C79F00C1A3C7 /* iTitalimoNotiServiceExtension */;
			targetProxy = 2BB06FD425A6C79F00C1A3C7 /* PBXContainerItemProxy */;
		};
/* End PBXTargetDependency section */

/* Begin PBXVariantGroup section */
		2B11E49A254148A7007AD918 /* Main.storyboard */ = {
			isa = PBXVariantGroup;
			children = (
				2B11E49B254148A7007AD918 /* Base */,
			);
			name = Main.storyboard;
			sourceTree = "<group>";
		};
		2B11E49F254148A8007AD918 /* LaunchScreen.storyboard */ = {
			isa = PBXVariantGroup;
			children = (
				2B11E4A0254148A8007AD918 /* Base */,
			);
			name = LaunchScreen.storyboard;
			sourceTree = "<group>";
		};
/* End PBXVariantGroup section */

/* Begin XCBuildConfiguration section */
		2B11E4A3254148A8007AD918 /* Debug */ = {
			isa = XCBuildConfiguration;
			buildSettings = {
				ALWAYS_SEARCH_USER_PATHS = NO;
				CLANG_ANALYZER_NONNULL = YES;
				CLANG_ANALYZER_NUMBER_OBJECT_CONVERSION = YES_AGGRESSIVE;
				CLANG_CXX_LANGUAGE_STANDARD = "gnu++14";
				CLANG_CXX_LIBRARY = "libc++";
				CLANG_ENABLE_MODULES = YES;
				CLANG_ENABLE_OBJC_ARC = YES;
				CLANG_ENABLE_OBJC_WEAK = YES;
				CLANG_WARN_BLOCK_CAPTURE_AUTORELEASING = YES;
				CLANG_WARN_BOOL_CONVERSION = YES;
				CLANG_WARN_COMMA = YES;
				CLANG_WARN_CONSTANT_CONVERSION = YES;
				CLANG_WARN_DEPRECATED_OBJC_IMPLEMENTATIONS = YES;
				CLANG_WARN_DIRECT_OBJC_ISA_USAGE = YES_ERROR;
				CLANG_WARN_DOCUMENTATION_COMMENTS = YES;
				CLANG_WARN_EMPTY_BODY = YES;
				CLANG_WARN_ENUM_CONVERSION = YES;
				CLANG_WARN_INFINITE_RECURSION = YES;
				CLANG_WARN_INT_CONVERSION = YES;
				CLANG_WARN_NON_LITERAL_NULL_CONVERSION = YES;
				CLANG_WARN_OBJC_IMPLICIT_RETAIN_SELF = YES;
				CLANG_WARN_OBJC_LITERAL_CONVERSION = YES;
				CLANG_WARN_OBJC_ROOT_CLASS = YES_ERROR;
				CLANG_WARN_QUOTED_INCLUDE_IN_FRAMEWORK_HEADER = YES;
				CLANG_WARN_RANGE_LOOP_ANALYSIS = YES;
				CLANG_WARN_STRICT_PROTOTYPES = YES;
				CLANG_WARN_SUSPICIOUS_MOVE = YES;
				CLANG_WARN_UNGUARDED_AVAILABILITY = YES_AGGRESSIVE;
				CLANG_WARN_UNREACHABLE_CODE = YES;
				CLANG_WARN__DUPLICATE_METHOD_MATCH = YES;
				COPY_PHASE_STRIP = NO;
				DEBUG_INFORMATION_FORMAT = dwarf;
				ENABLE_STRICT_OBJC_MSGSEND = YES;
				ENABLE_TESTABILITY = YES;
				GCC_C_LANGUAGE_STANDARD = gnu11;
				GCC_DYNAMIC_NO_PIC = NO;
				GCC_NO_COMMON_BLOCKS = YES;
				GCC_OPTIMIZATION_LEVEL = 0;
				GCC_PREPROCESSOR_DEFINITIONS = (
					"DEBUG=1",
					"$(inherited)",
				);
				GCC_WARN_64_TO_32_BIT_CONVERSION = YES;
				GCC_WARN_ABOUT_RETURN_TYPE = YES_ERROR;
				GCC_WARN_UNDECLARED_SELECTOR = YES;
				GCC_WARN_UNINITIALIZED_AUTOS = YES_AGGRESSIVE;
				GCC_WARN_UNUSED_FUNCTION = YES;
				GCC_WARN_UNUSED_VARIABLE = YES;
				IPHONEOS_DEPLOYMENT_TARGET = 14.0;
				MTL_ENABLE_DEBUG_INFO = INCLUDE_SOURCE;
				MTL_FAST_MATH = YES;
				ONLY_ACTIVE_ARCH = YES;
				SDKROOT = iphoneos;
				SWIFT_ACTIVE_COMPILATION_CONDITIONS = DEBUG;
				SWIFT_OPTIMIZATION_LEVEL = "-Onone";
			};
			name = Debug;
		};
		2B11E4A4254148A8007AD918 /* Release */ = {
			isa = XCBuildConfiguration;
			buildSettings = {
				ALWAYS_SEARCH_USER_PATHS = NO;
				CLANG_ANALYZER_NONNULL = YES;
				CLANG_ANALYZER_NUMBER_OBJECT_CONVERSION = YES_AGGRESSIVE;
				CLANG_CXX_LANGUAGE_STANDARD = "gnu++14";
				CLANG_CXX_LIBRARY = "libc++";
				CLANG_ENABLE_MODULES = YES;
				CLANG_ENABLE_OBJC_ARC = YES;
				CLANG_ENABLE_OBJC_WEAK = YES;
				CLANG_WARN_BLOCK_CAPTURE_AUTORELEASING = YES;
				CLANG_WARN_BOOL_CONVERSION = YES;
				CLANG_WARN_COMMA = YES;
				CLANG_WARN_CONSTANT_CONVERSION = YES;
				CLANG_WARN_DEPRECATED_OBJC_IMPLEMENTATIONS = YES;
				CLANG_WARN_DIRECT_OBJC_ISA_USAGE = YES_ERROR;
				CLANG_WARN_DOCUMENTATION_COMMENTS = YES;
				CLANG_WARN_EMPTY_BODY = YES;
				CLANG_WARN_ENUM_CONVERSION = YES;
				CLANG_WARN_INFINITE_RECURSION = YES;
				CLANG_WARN_INT_CONVERSION = YES;
				CLANG_WARN_NON_LITERAL_NULL_CONVERSION = YES;
				CLANG_WARN_OBJC_IMPLICIT_RETAIN_SELF = YES;
				CLANG_WARN_OBJC_LITERAL_CONVERSION = YES;
				CLANG_WARN_OBJC_ROOT_CLASS = YES_ERROR;
				CLANG_WARN_QUOTED_INCLUDE_IN_FRAMEWORK_HEADER = YES;
				CLANG_WARN_RANGE_LOOP_ANALYSIS = YES;
				CLANG_WARN_STRICT_PROTOTYPES = YES;
				CLANG_WARN_SUSPICIOUS_MOVE = YES;
				CLANG_WARN_UNGUARDED_AVAILABILITY = YES_AGGRESSIVE;
				CLANG_WARN_UNREACHABLE_CODE = YES;
				CLANG_WARN__DUPLICATE_METHOD_MATCH = YES;
				COPY_PHASE_STRIP = NO;
				DEBUG_INFORMATION_FORMAT = "dwarf-with-dsym";
				ENABLE_NS_ASSERTIONS = NO;
				ENABLE_STRICT_OBJC_MSGSEND = YES;
				GCC_C_LANGUAGE_STANDARD = gnu11;
				GCC_NO_COMMON_BLOCKS = YES;
				GCC_WARN_64_TO_32_BIT_CONVERSION = YES;
				GCC_WARN_ABOUT_RETURN_TYPE = YES_ERROR;
				GCC_WARN_UNDECLARED_SELECTOR = YES;
				GCC_WARN_UNINITIALIZED_AUTOS = YES_AGGRESSIVE;
				GCC_WARN_UNUSED_FUNCTION = YES;
				GCC_WARN_UNUSED_VARIABLE = YES;
				IPHONEOS_DEPLOYMENT_TARGET = 14.0;
				MTL_ENABLE_DEBUG_INFO = NO;
				MTL_FAST_MATH = YES;
				SDKROOT = iphoneos;
				SWIFT_COMPILATION_MODE = wholemodule;
				SWIFT_OPTIMIZATION_LEVEL = "-O";
				VALIDATE_PRODUCT = YES;
			};
			name = Release;
		};
		2B11E4A6254148A8007AD918 /* Debug */ = {
			isa = XCBuildConfiguration;
			baseConfigurationReference = 1238A44BBEFAEEAEE421296B /* Pods-iTitaLimo.debug.xcconfig */;
			buildSettings = {
				ALWAYS_EMBED_SWIFT_STANDARD_LIBRARIES = YES;
				ASSETCATALOG_COMPILER_APPICON_NAME = AppIcon;
				ASSETCATALOG_COMPILER_GLOBAL_ACCENT_COLOR_NAME = AccentColor;
				CODE_SIGN_ENTITLEMENTS = iTitaLimo/iTitaLimo.entitlements;
				CODE_SIGN_STYLE = Automatic;
				DEVELOPMENT_TEAM = X32A6FCDS6;
				INFOPLIST_FILE = iTitaLimo/Info.plist;
				IPHONEOS_DEPLOYMENT_TARGET = 14.0;
				LD_RUNPATH_SEARCH_PATHS = (
					"$(inherited)",
					"@executable_path/Frameworks",
				);
				PRODUCT_BUNDLE_IDENTIFIER = com.info121.iTitaLimo;
				PRODUCT_NAME = "$(TARGET_NAME)";
				SWIFT_VERSION = 5.0;
				TARGETED_DEVICE_FAMILY = "1,2";
			};
			name = Debug;
		};
		2B11E4A7254148A8007AD918 /* Release */ = {
			isa = XCBuildConfiguration;
			baseConfigurationReference = 39D85DB62C13B06943787FD6 /* Pods-iTitaLimo.release.xcconfig */;
			buildSettings = {
				ALWAYS_EMBED_SWIFT_STANDARD_LIBRARIES = YES;
				ASSETCATALOG_COMPILER_APPICON_NAME = AppIcon;
				ASSETCATALOG_COMPILER_GLOBAL_ACCENT_COLOR_NAME = AccentColor;
				CODE_SIGN_ENTITLEMENTS = iTitaLimo/iTitaLimo.entitlements;
				CODE_SIGN_STYLE = Automatic;
				DEVELOPMENT_TEAM = X32A6FCDS6;
				INFOPLIST_FILE = iTitaLimo/Info.plist;
				IPHONEOS_DEPLOYMENT_TARGET = 14.0;
				LD_RUNPATH_SEARCH_PATHS = (
					"$(inherited)",
					"@executable_path/Frameworks",
				);
				PRODUCT_BUNDLE_IDENTIFIER = com.info121.iTitaLimo;
				PRODUCT_NAME = "$(TARGET_NAME)";
				SWIFT_VERSION = 5.0;
				TARGETED_DEVICE_FAMILY = "1,2";
			};
			name = Release;
		};
		2BB06FD925A6C79F00C1A3C7 /* Debug */ = {
			isa = XCBuildConfiguration;
			buildSettings = {
				CODE_SIGN_ENTITLEMENTS = iTitalimoNotiServiceExtension/iTitalimoNotiServiceExtension.entitlements;
				CODE_SIGN_STYLE = Automatic;
				CURRENT_PROJECT_VERSION = 2;
				DEVELOPMENT_TEAM = X32A6FCDS6;
				INFOPLIST_FILE = iTitalimoNotiServiceExtension/Info.plist;
				IPHONEOS_DEPLOYMENT_TARGET = 14.0;
				LD_RUNPATH_SEARCH_PATHS = (
					"$(inherited)",
					"@executable_path/Frameworks",
					"@executable_path/../../Frameworks",
				);
				PRODUCT_BUNDLE_IDENTIFIER = com.info121.iTitaLimo.iTitalimoNotiServiceExtension;
				PRODUCT_NAME = "$(TARGET_NAME)";
				SKIP_INSTALL = YES;
				SWIFT_VERSION = 5.0;
				TARGETED_DEVICE_FAMILY = 1;
			};
			name = Debug;
		};
		2BB06FDA25A6C79F00C1A3C7 /* Release */ = {
			isa = XCBuildConfiguration;
			buildSettings = {
				CODE_SIGN_ENTITLEMENTS = iTitalimoNotiServiceExtension/iTitalimoNotiServiceExtension.entitlements;
				CODE_SIGN_STYLE = Automatic;
				CURRENT_PROJECT_VERSION = 2;
				DEVELOPMENT_TEAM = X32A6FCDS6;
				INFOPLIST_FILE = iTitalimoNotiServiceExtension/Info.plist;
				IPHONEOS_DEPLOYMENT_TARGET = 14.0;
				LD_RUNPATH_SEARCH_PATHS = (
					"$(inherited)",
					"@executable_path/Frameworks",
					"@executable_path/../../Frameworks",
				);
				PRODUCT_BUNDLE_IDENTIFIER = com.info121.iTitaLimo.iTitalimoNotiServiceExtension;
				PRODUCT_NAME = "$(TARGET_NAME)";
				SKIP_INSTALL = YES;
				SWIFT_VERSION = 5.0;
				TARGETED_DEVICE_FAMILY = 1;
			};
			name = Release;
		};
/* End XCBuildConfiguration section */

/* Begin XCConfigurationList section */
		2B11E48C254148A7007AD918 /* Build configuration list for PBXProject "iTitaLimo" */ = {
			isa = XCConfigurationList;
			buildConfigurations = (
				2B11E4A3254148A8007AD918 /* Debug */,
				2B11E4A4254148A8007AD918 /* Release */,
			);
			defaultConfigurationIsVisible = 0;
			defaultConfigurationName = Release;
		};
		2B11E4A5254148A8007AD918 /* Build configuration list for PBXNativeTarget "iTitaLimo" */ = {
			isa = XCConfigurationList;
			buildConfigurations = (
				2B11E4A6254148A8007AD918 /* Debug */,
				2B11E4A7254148A8007AD918 /* Release */,
			);
			defaultConfigurationIsVisible = 0;
			defaultConfigurationName = Release;
		};
		2BB06FD825A6C79F00C1A3C7 /* Build configuration list for PBXNativeTarget "iTitalimoNotiServiceExtension" */ = {
			isa = XCConfigurationList;
			buildConfigurations = (
				2BB06FD925A6C79F00C1A3C7 /* Debug */,
				2BB06FDA25A6C79F00C1A3C7 /* Release */,
			);
			defaultConfigurationIsVisible = 0;
			defaultConfigurationName = Release;
		};
/* End XCConfigurationList section */
	};
	rootObject = 2B11E489254148A7007AD918 /* Project object */;
}
